
Microsoft Visual Studio Solution File, Format Version 12.00
# Visual Studio Version 17
VisualStudioVersion = 17.4.33403.182
MinimumVisualStudioVersion = 10.0.40219.1
Project("{FAE04EC0-301F-11D3-BF4B-00C04F79EFBC}") = "CRUD", "CRUD\CRUD.csproj", "{069B36FA-6C51-4DC3-A29D-2C6929F86A18}"
EndProject
Global
	GlobalSection(SolutionConfigurationPlatforms) = preSolution
		Debug|Any CPU = Debug|Any CPU
		Release|Any CPU = Release|Any CPU
	EndGlobalSection
	GlobalSection(ProjectConfigurationPlatforms) = postSolution
		{069B36FA-6C51-4DC3-A29D-2C6929F86A18}.Debug|Any CPU.ActiveCfg = Debug|Any CPU
		{069B36FA-6C51-4DC3-A29D-2C6929F86A18}.Debug|Any CPU.Build.0 = Debug|Any CPU
		{069B36FA-6C51-4DC3-A29D-2C6929F86A18}.Release|Any CPU.ActiveCfg = Release|Any CPU
		{069B36FA-6C51-4DC3-A29D-2C6929F86A18}.Release|Any CPU.Build.0 = Release|Any CPU
	EndGlobalSection
	GlobalSection(SolutionProperties) = preSolution
		HideSolutionNode = FALSE
	EndGlobalSection
	GlobalSection(ExtensibilityGlobals) = postSolution
		SolutionGuid = {60CDCE1D-F6DB-477F-B8E3-B68B3DA500DA}
	EndGlobalSection
EndGlobal
